{
  "name": "signalk-simple-notifications",
  "version": "1.2.1",
  "lockfileVersion": 1,
  "requires": true,
  "dependencies": {
    "baconjs": {
      "version": "https://registry.npmjs.org/baconjs/-/baconjs-0.7.95.tgz",
      "integrity": "sha1-loaagUxzDmLlmRlE6y/LjJcXFhU="
    },
    "lodash": {
      "version": "https://registry.npmjs.org/lodash/-/lodash-4.17.4.tgz",
      "integrity": "sha1-eCA6TRwyiuHYbcpkYONptX9AVa4="
    }
  }
}
